%{"cowboy": {:git, "git://github.com/extend/cowboy.git", "b09f3a570d702be7a55c36e5f5b4b63b26198637", []},
  "cowlib": {:git, "git://github.com/extend/cowlib.git", "63298e8e160031a70efff86a1acde7e7db1fcda6", [ref: "0.4.0"]},
  "decimal": {:package, "0.1.2"},
  "dynamo": {:git, "git://github.com/dynamo/dynamo.git", "d5c71e0023f9d85c796f6069a1d678dddd285cd0", []},
  "ecto": {:git, "git://github.com/elixir-lang/ecto.git", "5ce07d8f3230622c25fb5c82958d4b21e36c5d47", []},
  "hackney": {:git, "git://github.com/benoitc/hackney.git", "7f2a0b5996313d930277786e7ff5d538e9346547", [tag: "0.10.1"]},
  "hackney_lib": {:git, "https://github.com/benoitc/hackney_lib.git", "eecdb481f1d38bfb194896bffdf9bdcdd967ae96", [tag: "0.2.2"]},
  "jsex": {:git, "git://github.com/talentdeficit/jsex.git", "03ad4ff0967331afd01464857d41e5e497ed198c", []},
  "jsx": {:git, "git://github.com/talentdeficit/jsx.git", "507fa4c41db33c81e925ab53f4d789d234aaff2f", [tag: "v2.0.1"]},
  "mime": {:git, "git://github.com/dynamo/mime.git", "db84370c53a67a7e58a4d0cfb026f4edc64a9367", []},
  "mimetypes": {:git, "git://github.com/spawngrid/mimetypes.git", "47d37a977a7d633199822bf6b08353007483d00f", [ref: "master"]},
  "poolboy": {:package, "1.2.1"},
  "postgrex": {:package, "0.4.2"},
  "ranch": {:git, "git://github.com/extend/ranch.git", "5df1f222f94e08abdcab7084f5e13027143cc222", [ref: "0.9.0"]}}
