[ "cowboy": {:git, "git://github.com/extend/cowboy.git", "b09f3a570d702be7a55c36e5f5b4b63b26198637", []},
  "cowlib": {:git, "git://github.com/extend/cowlib.git", "63298e8e160031a70efff86a1acde7e7db1fcda6", [ref: "0.4.0"]},
  "decimal": {:git, "git://github.com/ericmj/decimal.git", "33b52b6d8fec1e18245fbd7f1312a43103e25f5b", []},
  "dynamo": {:git, "git://github.com/elixir-lang/dynamo.git", "dbccc1c65bf4027284e8f655acd2f39587851b64", []},
  "ecto": {:git, "git://github.com/elixir-lang/ecto.git", "9ec515045b39d25204eda2b60a8c771a6cbb9239", []},
  "hackney": {:git, "git://github.com/benoitc/hackney.git", "7f2a0b5996313d930277786e7ff5d538e9346547", [tag: "0.10.1"]},
  "hackney_lib": {:git, "https://github.com/benoitc/hackney_lib.git", "eecdb481f1d38bfb194896bffdf9bdcdd967ae96", [tag: "0.2.2"]},
  "jsex": {:git, "git://github.com/talentdeficit/jsex.git", "1e89a76f770e14bbbd1b5bebfc05312a984f21a4", []},
  "jsx": {:git, "git://github.com/talentdeficit/jsx.git", "e50af6e109cb03bd26acf715cbc77de746507d1d", [tag: "v1.4.3"]},
  "mime": {:git, "git://github.com/dynamo/mime.git", "7e56a3dd5692afcd39c9797ae2898c5841967098", []},
  "mimetypes": {:git, "git://github.com/spawngrid/mimetypes.git", "47d37a977a7d633199822bf6b08353007483d00f", [ref: "master"]},
  "poolboy": {:git, "git://github.com/devinus/poolboy.git", "d47df5df57b22eb183b0c48c8dcc5f9827fad71b", []},
  "postgrex": {:git, "git://github.com/ericmj/postgrex.git", "7b99b4c4934b84d9afc42c77f99767b68b95e0b0", []},
  "ranch": {:git, "git://github.com/extend/ranch.git", "5df1f222f94e08abdcab7084f5e13027143cc222", [ref: "0.9.0"]} ]
